
Microsoft Visual Studio Solution File, Format Version 12.00
# Visual Studio Version 17
VisualStudioVersion = 17.9.34701.34
MinimumVisualStudioVersion = 10.0.40219.1
Project("{2150E333-8FDC-42A3-9474-1A3956D46DE8}") = "Domain", "Domain", "{E26D2B1C-60E6-4E59-8039-395FA7132662}"
EndProject
Project("{2150E333-8FDC-42A3-9474-1A3956D46DE8}") = "Infra", "Infra", "{FF6A0C6A-D0C5-4A38-B481-040EC2400A25}"
EndProject
Project("{2150E333-8FDC-42A3-9474-1A3956D46DE8}") = "Test", "Test", "{6C2E6169-AF98-479C-9783-C533A02CCF99}"
EndProject
Project("{2150E333-8FDC-42A3-9474-1A3956D46DE8}") = "WebApi", "WebApi", "{A989E98E-4E9A-435E-B265-3DBA522B2D7F}"
EndProject
Project("{9A19103F-16F7-4668-BE54-9A1E7A4F7556}") = "Store.Domain", "Store.Domain\Store.Domain.csproj", "{5BD67BAB-FD63-4552-A966-BD3B8178C638}"
EndProject
Project("{9A19103F-16F7-4668-BE54-9A1E7A4F7556}") = "Store.Infra", "Store.Infra\Store.Infra.csproj", "{76062634-9775-44D8-A8F5-744477023EA9}"
EndProject
Project("{9A19103F-16F7-4668-BE54-9A1E7A4F7556}") = "Store.Tests", "Store.Tests\Store.Tests.csproj", "{6BE339DC-207C-4FF8-BBF1-81303206EFCE}"
EndProject
Project("{2150E333-8FDC-42A3-9474-1A3956D46DE8}") = "Shared", "Shared", "{3B1D70D1-7CE0-44A6-AF2E-1DA7A0033E0A}"
EndProject
Project("{9A19103F-16F7-4668-BE54-9A1E7A4F7556}") = "Store.Shared", "Store.Shared\Store.Shared.csproj", "{A6561C81-92CC-4307-8338-8C0A28742C7E}"
EndProject
Project("{9A19103F-16F7-4668-BE54-9A1E7A4F7556}") = "Api", "Api\Api.csproj", "{795E0973-1B91-49F2-9914-E90D080E6882}"
EndProject
Global
	GlobalSection(SolutionConfigurationPlatforms) = preSolution
		Debug|Any CPU = Debug|Any CPU
		Release|Any CPU = Release|Any CPU
	EndGlobalSection
	GlobalSection(ProjectConfigurationPlatforms) = postSolution
		{5BD67BAB-FD63-4552-A966-BD3B8178C638}.Debug|Any CPU.ActiveCfg = Debug|Any CPU
		{5BD67BAB-FD63-4552-A966-BD3B8178C638}.Debug|Any CPU.Build.0 = Debug|Any CPU
		{5BD67BAB-FD63-4552-A966-BD3B8178C638}.Release|Any CPU.ActiveCfg = Release|Any CPU
		{5BD67BAB-FD63-4552-A966-BD3B8178C638}.Release|Any CPU.Build.0 = Release|Any CPU
		{76062634-9775-44D8-A8F5-744477023EA9}.Debug|Any CPU.ActiveCfg = Debug|Any CPU
		{76062634-9775-44D8-A8F5-744477023EA9}.Debug|Any CPU.Build.0 = Debug|Any CPU
		{76062634-9775-44D8-A8F5-744477023EA9}.Release|Any CPU.ActiveCfg = Release|Any CPU
		{76062634-9775-44D8-A8F5-744477023EA9}.Release|Any CPU.Build.0 = Release|Any CPU
		{6BE339DC-207C-4FF8-BBF1-81303206EFCE}.Debug|Any CPU.ActiveCfg = Debug|Any CPU
		{6BE339DC-207C-4FF8-BBF1-81303206EFCE}.Debug|Any CPU.Build.0 = Debug|Any CPU
		{6BE339DC-207C-4FF8-BBF1-81303206EFCE}.Release|Any CPU.ActiveCfg = Release|Any CPU
		{6BE339DC-207C-4FF8-BBF1-81303206EFCE}.Release|Any CPU.Build.0 = Release|Any CPU
		{A6561C81-92CC-4307-8338-8C0A28742C7E}.Debug|Any CPU.ActiveCfg = Debug|Any CPU
		{A6561C81-92CC-4307-8338-8C0A28742C7E}.Debug|Any CPU.Build.0 = Debug|Any CPU
		{A6561C81-92CC-4307-8338-8C0A28742C7E}.Release|Any CPU.ActiveCfg = Release|Any CPU
		{A6561C81-92CC-4307-8338-8C0A28742C7E}.Release|Any CPU.Build.0 = Release|Any CPU
		{795E0973-1B91-49F2-9914-E90D080E6882}.Debug|Any CPU.ActiveCfg = Debug|Any CPU
		{795E0973-1B91-49F2-9914-E90D080E6882}.Debug|Any CPU.Build.0 = Debug|Any CPU
		{795E0973-1B91-49F2-9914-E90D080E6882}.Release|Any CPU.ActiveCfg = Release|Any CPU
		{795E0973-1B91-49F2-9914-E90D080E6882}.Release|Any CPU.Build.0 = Release|Any CPU
	EndGlobalSection
	GlobalSection(SolutionProperties) = preSolution
		HideSolutionNode = FALSE
	EndGlobalSection
	GlobalSection(NestedProjects) = preSolution
		{5BD67BAB-FD63-4552-A966-BD3B8178C638} = {E26D2B1C-60E6-4E59-8039-395FA7132662}
		{76062634-9775-44D8-A8F5-744477023EA9} = {FF6A0C6A-D0C5-4A38-B481-040EC2400A25}
		{6BE339DC-207C-4FF8-BBF1-81303206EFCE} = {6C2E6169-AF98-479C-9783-C533A02CCF99}
		{A6561C81-92CC-4307-8338-8C0A28742C7E} = {3B1D70D1-7CE0-44A6-AF2E-1DA7A0033E0A}
		{795E0973-1B91-49F2-9914-E90D080E6882} = {A989E98E-4E9A-435E-B265-3DBA522B2D7F}
	EndGlobalSection
	GlobalSection(ExtensibilityGlobals) = postSolution
		SolutionGuid = {080D7011-81A9-435E-AF97-455E8A50548C}
	EndGlobalSection
EndGlobal
